
Microsoft Visual Studio Solution File, Format Version 12.00
# Visual Studio 14
VisualStudioVersion = 14.0.22906.0
MinimumVisualStudioVersion = 10.0.40219.1
Project("{FAE04EC0-301F-11D3-BF4B-00C04F79EFBC}") = "AlfredTrx", "AlfredTrx\AlfredTrx.csproj", "{53BC05AE-CC31-4338-98CD-6F558D2CAB59}"
EndProject
Global
	GlobalSection(SolutionConfigurationPlatforms) = preSolution
		Debug|Any CPU = Debug|Any CPU
		Release|Any CPU = Release|Any CPU
	EndGlobalSection
	GlobalSection(ProjectConfigurationPlatforms) = postSolution
		{53BC05AE-CC31-4338-98CD-6F558D2CAB59}.Debug|Any CPU.ActiveCfg = Debug|Any CPU
		{53BC05AE-CC31-4338-98CD-6F558D2CAB59}.Debug|Any CPU.Build.0 = Debug|Any CPU
		{53BC05AE-CC31-4338-98CD-6F558D2CAB59}.Release|Any CPU.ActiveCfg = Release|Any CPU
		{53BC05AE-CC31-4338-98CD-6F558D2CAB59}.Release|Any CPU.Build.0 = Release|Any CPU
	EndGlobalSection
	GlobalSection(SolutionProperties) = preSolution
		HideSolutionNode = FALSE
	EndGlobalSection
EndGlobal
